
Microsoft Visual Studio Solution File, Format Version 12.00
# Visual Studio Version 16
VisualStudioVersion = 16.0.29806.167
MinimumVisualStudioVersion = 10.0.40219.1
Project("{9A19103F-16F7-4668-BE54-9A1E7A4F7556}") = "01.Dating-App", "01.Dating-App\01.Dating-App.csproj", "{253A610A-B691-407D-800D-D2A9E95BF42A}"
EndProject
Project("{9A19103F-16F7-4668-BE54-9A1E7A4F7556}") = "02.Book-Worm", "02.Book-Worm\02.Book-Worm.csproj", "{8307DDBF-D1D7-4697-86B2-4D3C49CAD40B}"
EndProject
Project("{9A19103F-16F7-4668-BE54-9A1E7A4F7556}") = "Rabbits", "03.Rabbits\Rabbits.csproj", "{021B65E2-F3DB-4692-B39C-855741197762}"
EndProject
Global
	GlobalSection(SolutionConfigurationPlatforms) = preSolution
		Debug|Any CPU = Debug|Any CPU
		Release|Any CPU = Release|Any CPU
	EndGlobalSection
	GlobalSection(ProjectConfigurationPlatforms) = postSolution
		{253A610A-B691-407D-800D-D2A9E95BF42A}.Debug|Any CPU.ActiveCfg = Debug|Any CPU
		{253A610A-B691-407D-800D-D2A9E95BF42A}.Debug|Any CPU.Build.0 = Debug|Any CPU
		{253A610A-B691-407D-800D-D2A9E95BF42A}.Release|Any CPU.ActiveCfg = Release|Any CPU
		{253A610A-B691-407D-800D-D2A9E95BF42A}.Release|Any CPU.Build.0 = Release|Any CPU
		{8307DDBF-D1D7-4697-86B2-4D3C49CAD40B}.Debug|Any CPU.ActiveCfg = Debug|Any CPU
		{8307DDBF-D1D7-4697-86B2-4D3C49CAD40B}.Debug|Any CPU.Build.0 = Debug|Any CPU
		{8307DDBF-D1D7-4697-86B2-4D3C49CAD40B}.Release|Any CPU.ActiveCfg = Release|Any CPU
		{8307DDBF-D1D7-4697-86B2-4D3C49CAD40B}.Release|Any CPU.Build.0 = Release|Any CPU
		{021B65E2-F3DB-4692-B39C-855741197762}.Debug|Any CPU.ActiveCfg = Debug|Any CPU
		{021B65E2-F3DB-4692-B39C-855741197762}.Debug|Any CPU.Build.0 = Debug|Any CPU
		{021B65E2-F3DB-4692-B39C-855741197762}.Release|Any CPU.ActiveCfg = Release|Any CPU
		{021B65E2-F3DB-4692-B39C-855741197762}.Release|Any CPU.Build.0 = Release|Any CPU
	EndGlobalSection
	GlobalSection(SolutionProperties) = preSolution
		HideSolutionNode = FALSE
	EndGlobalSection
	GlobalSection(ExtensibilityGlobals) = postSolution
		SolutionGuid = {3BBDB6D7-7BA9-49DE-AE3C-43EBD36EABBF}
	EndGlobalSection
EndGlobal
