
Microsoft Visual Studio Solution File, Format Version 12.00
# Visual Studio Version 16
VisualStudioVersion = 16.0.29806.167
MinimumVisualStudioVersion = 10.0.40219.1
Project("{FAE04EC0-301F-11D3-BF4B-00C04F79EFBC}") = "01.Single-Inheritance", "01.Single-Inheritance\01.Single-Inheritance.csproj", "{564FA7F8-007B-4AD1-BBA2-63F1A67B937D}"
EndProject
Project("{FAE04EC0-301F-11D3-BF4B-00C04F79EFBC}") = "02.Multiple-Inheritance", "02.Multiple-Inheritance\02.Multiple-Inheritance.csproj", "{2A9F187E-B892-4745-80C2-5D800E0FF7B9}"
EndProject
Project("{FAE04EC0-301F-11D3-BF4B-00C04F79EFBC}") = "03.Hierarchical-Inheritance", "03.Hierarchical-Inheritance\03.Hierarchical-Inheritance.csproj", "{9855B7D2-5C70-4CEA-B8CA-9D450FFE66CE}"
EndProject
Project("{FAE04EC0-301F-11D3-BF4B-00C04F79EFBC}") = "04.Random-List", "04.Random-List\04.Random-List.csproj", "{5C9A6938-EBAD-4A14-A67A-4CEB14A05ADC}"
EndProject
Project("{FAE04EC0-301F-11D3-BF4B-00C04F79EFBC}") = "05.Stack-of-Strings", "05.Stack-of-Strings\05.Stack-of-Strings.csproj", "{73A613DF-FDC0-495D-82B2-84EFFB84EF30}"
EndProject
Global
	GlobalSection(SolutionConfigurationPlatforms) = preSolution
		Debug|Any CPU = Debug|Any CPU
		Release|Any CPU = Release|Any CPU
	EndGlobalSection
	GlobalSection(ProjectConfigurationPlatforms) = postSolution
		{564FA7F8-007B-4AD1-BBA2-63F1A67B937D}.Debug|Any CPU.ActiveCfg = Debug|Any CPU
		{564FA7F8-007B-4AD1-BBA2-63F1A67B937D}.Debug|Any CPU.Build.0 = Debug|Any CPU
		{564FA7F8-007B-4AD1-BBA2-63F1A67B937D}.Release|Any CPU.ActiveCfg = Release|Any CPU
		{564FA7F8-007B-4AD1-BBA2-63F1A67B937D}.Release|Any CPU.Build.0 = Release|Any CPU
		{2A9F187E-B892-4745-80C2-5D800E0FF7B9}.Debug|Any CPU.ActiveCfg = Debug|Any CPU
		{2A9F187E-B892-4745-80C2-5D800E0FF7B9}.Debug|Any CPU.Build.0 = Debug|Any CPU
		{2A9F187E-B892-4745-80C2-5D800E0FF7B9}.Release|Any CPU.ActiveCfg = Release|Any CPU
		{2A9F187E-B892-4745-80C2-5D800E0FF7B9}.Release|Any CPU.Build.0 = Release|Any CPU
		{9855B7D2-5C70-4CEA-B8CA-9D450FFE66CE}.Debug|Any CPU.ActiveCfg = Debug|Any CPU
		{9855B7D2-5C70-4CEA-B8CA-9D450FFE66CE}.Debug|Any CPU.Build.0 = Debug|Any CPU
		{9855B7D2-5C70-4CEA-B8CA-9D450FFE66CE}.Release|Any CPU.ActiveCfg = Release|Any CPU
		{9855B7D2-5C70-4CEA-B8CA-9D450FFE66CE}.Release|Any CPU.Build.0 = Release|Any CPU
		{5C9A6938-EBAD-4A14-A67A-4CEB14A05ADC}.Debug|Any CPU.ActiveCfg = Debug|Any CPU
		{5C9A6938-EBAD-4A14-A67A-4CEB14A05ADC}.Debug|Any CPU.Build.0 = Debug|Any CPU
		{5C9A6938-EBAD-4A14-A67A-4CEB14A05ADC}.Release|Any CPU.ActiveCfg = Release|Any CPU
		{5C9A6938-EBAD-4A14-A67A-4CEB14A05ADC}.Release|Any CPU.Build.0 = Release|Any CPU
		{73A613DF-FDC0-495D-82B2-84EFFB84EF30}.Debug|Any CPU.ActiveCfg = Debug|Any CPU
		{73A613DF-FDC0-495D-82B2-84EFFB84EF30}.Debug|Any CPU.Build.0 = Debug|Any CPU
		{73A613DF-FDC0-495D-82B2-84EFFB84EF30}.Release|Any CPU.ActiveCfg = Release|Any CPU
		{73A613DF-FDC0-495D-82B2-84EFFB84EF30}.Release|Any CPU.Build.0 = Release|Any CPU
	EndGlobalSection
	GlobalSection(SolutionProperties) = preSolution
		HideSolutionNode = FALSE
	EndGlobalSection
	GlobalSection(ExtensibilityGlobals) = postSolution
		SolutionGuid = {DE81C4A9-302A-43B4-BB55-5D1518EAD9F8}
	EndGlobalSection
EndGlobal
