
Microsoft Visual Studio Solution File, Format Version 12.00
# Visual Studio Version 16
VisualStudioVersion = 16.0.29709.97
MinimumVisualStudioVersion = 10.0.40219.1
Project("{FAE04EC0-301F-11D3-BF4B-00C04F79EFBC}") = "01.Sort-Even-Numbers", "01.Sort-Even-Numbers\01.Sort-Even-Numbers.csproj", "{72967A3E-C015-4ED4-A3B6-5654360E7668}"
EndProject
Project("{FAE04EC0-301F-11D3-BF4B-00C04F79EFBC}") = "02.Sum-Numbers", "02.Sum-Numbers\02.Sum-Numbers.csproj", "{605DDE8E-A5F7-4C87-89E5-F40DC5DD1F5C}"
EndProject
Project("{FAE04EC0-301F-11D3-BF4B-00C04F79EFBC}") = "03.Count-Uppercase-Words", "03.Count-Uppercase-Words\03.Count-Uppercase-Words.csproj", "{2C64B9A6-C701-48A0-A87E-4D580A640C48}"
EndProject
Project("{FAE04EC0-301F-11D3-BF4B-00C04F79EFBC}") = "04.Add-VAT", "04.Add-VAT\04.Add-VAT.csproj", "{0DBEEE8B-E83E-48C8-A49B-815970E52D6A}"
EndProject
Project("{FAE04EC0-301F-11D3-BF4B-00C04F79EFBC}") = "05.Filter-By-Age", "05.Filter-By-Age\05.Filter-By-Age.csproj", "{EF0C658B-54C7-4321-A912-BEEA6770E232}"
EndProject
Global
	GlobalSection(SolutionConfigurationPlatforms) = preSolution
		Debug|Any CPU = Debug|Any CPU
		Release|Any CPU = Release|Any CPU
	EndGlobalSection
	GlobalSection(ProjectConfigurationPlatforms) = postSolution
		{72967A3E-C015-4ED4-A3B6-5654360E7668}.Debug|Any CPU.ActiveCfg = Debug|Any CPU
		{72967A3E-C015-4ED4-A3B6-5654360E7668}.Debug|Any CPU.Build.0 = Debug|Any CPU
		{72967A3E-C015-4ED4-A3B6-5654360E7668}.Release|Any CPU.ActiveCfg = Release|Any CPU
		{72967A3E-C015-4ED4-A3B6-5654360E7668}.Release|Any CPU.Build.0 = Release|Any CPU
		{605DDE8E-A5F7-4C87-89E5-F40DC5DD1F5C}.Debug|Any CPU.ActiveCfg = Debug|Any CPU
		{605DDE8E-A5F7-4C87-89E5-F40DC5DD1F5C}.Debug|Any CPU.Build.0 = Debug|Any CPU
		{605DDE8E-A5F7-4C87-89E5-F40DC5DD1F5C}.Release|Any CPU.ActiveCfg = Release|Any CPU
		{605DDE8E-A5F7-4C87-89E5-F40DC5DD1F5C}.Release|Any CPU.Build.0 = Release|Any CPU
		{2C64B9A6-C701-48A0-A87E-4D580A640C48}.Debug|Any CPU.ActiveCfg = Debug|Any CPU
		{2C64B9A6-C701-48A0-A87E-4D580A640C48}.Debug|Any CPU.Build.0 = Debug|Any CPU
		{2C64B9A6-C701-48A0-A87E-4D580A640C48}.Release|Any CPU.ActiveCfg = Release|Any CPU
		{2C64B9A6-C701-48A0-A87E-4D580A640C48}.Release|Any CPU.Build.0 = Release|Any CPU
		{0DBEEE8B-E83E-48C8-A49B-815970E52D6A}.Debug|Any CPU.ActiveCfg = Debug|Any CPU
		{0DBEEE8B-E83E-48C8-A49B-815970E52D6A}.Debug|Any CPU.Build.0 = Debug|Any CPU
		{0DBEEE8B-E83E-48C8-A49B-815970E52D6A}.Release|Any CPU.ActiveCfg = Release|Any CPU
		{0DBEEE8B-E83E-48C8-A49B-815970E52D6A}.Release|Any CPU.Build.0 = Release|Any CPU
		{EF0C658B-54C7-4321-A912-BEEA6770E232}.Debug|Any CPU.ActiveCfg = Debug|Any CPU
		{EF0C658B-54C7-4321-A912-BEEA6770E232}.Debug|Any CPU.Build.0 = Debug|Any CPU
		{EF0C658B-54C7-4321-A912-BEEA6770E232}.Release|Any CPU.ActiveCfg = Release|Any CPU
		{EF0C658B-54C7-4321-A912-BEEA6770E232}.Release|Any CPU.Build.0 = Release|Any CPU
	EndGlobalSection
	GlobalSection(SolutionProperties) = preSolution
		HideSolutionNode = FALSE
	EndGlobalSection
	GlobalSection(ExtensibilityGlobals) = postSolution
		SolutionGuid = {235BE681-9559-477C-ABE2-C096D4145BA4}
	EndGlobalSection
EndGlobal
