
Microsoft Visual Studio Solution File, Format Version 12.00
# Visual Studio 2012
Project("{FAE04EC0-301F-11D3-BF4B-00C04F79EFBC}") = "01.Day-of-Week", "01.Day-of-Week\01.Day-of-Week.csproj", "{FE459611-00FF-4326-868F-C84DD93677A6}"
EndProject
Project("{FAE04EC0-301F-11D3-BF4B-00C04F79EFBC}") = "02.Randomize-Words", "02.Randomize-Words\02.Randomize-Words.csproj", "{BC577B82-664B-467F-A05B-E45874D771E9}"
EndProject
Project("{FAE04EC0-301F-11D3-BF4B-00C04F79EFBC}") = "03.Big-Factorial", "03.Big-Factorial\03.Big-Factorial.csproj", "{F1153409-1CDA-48A4-94F4-F5FD8B95D8C4}"
EndProject
Project("{FAE04EC0-301F-11D3-BF4B-00C04F79EFBC}") = "04.Songs", "04.Songs\04.Songs.csproj", "{0D896B8B-B9E5-426F-917D-79830461C73E}"
EndProject
Project("{FAE04EC0-301F-11D3-BF4B-00C04F79EFBC}") = "05.Students", "05.Students\05.Students.csproj", "{89E1882C-867D-4951-A1ED-C6B315F929B7}"
EndProject
Project("{FAE04EC0-301F-11D3-BF4B-00C04F79EFBC}") = "06.Students-2.0", "06.Students-2.0\06.Students-2.0.csproj", "{8E25A777-1CBF-4A0C-81A8-4B6C9F774B11}"
EndProject
Project("{FAE04EC0-301F-11D3-BF4B-00C04F79EFBC}") = "07.Store-Boxes", "07.Store-Boxes\07.Store-Boxes.csproj", "{3914B9A1-9046-416D-A14C-EEE07FF8BD0E}"
EndProject
Project("{FAE04EC0-301F-11D3-BF4B-00C04F79EFBC}") = "08.Vehicle-Catalogue", "08.Vehicle-Catalogue\08.Vehicle-Catalogue.csproj", "{7D2766D9-4268-4A7A-8957-240F21F87BA3}"
EndProject
Global
	GlobalSection(SolutionConfigurationPlatforms) = preSolution
		Debug|x86 = Debug|x86
		Release|x86 = Release|x86
	EndGlobalSection
	GlobalSection(ProjectConfigurationPlatforms) = postSolution
		{FE459611-00FF-4326-868F-C84DD93677A6}.Debug|x86.ActiveCfg = Debug|x86
		{FE459611-00FF-4326-868F-C84DD93677A6}.Debug|x86.Build.0 = Debug|x86
		{FE459611-00FF-4326-868F-C84DD93677A6}.Release|x86.ActiveCfg = Release|x86
		{FE459611-00FF-4326-868F-C84DD93677A6}.Release|x86.Build.0 = Release|x86
		{BC577B82-664B-467F-A05B-E45874D771E9}.Debug|x86.ActiveCfg = Debug|x86
		{BC577B82-664B-467F-A05B-E45874D771E9}.Debug|x86.Build.0 = Debug|x86
		{BC577B82-664B-467F-A05B-E45874D771E9}.Release|x86.ActiveCfg = Release|x86
		{BC577B82-664B-467F-A05B-E45874D771E9}.Release|x86.Build.0 = Release|x86
		{F1153409-1CDA-48A4-94F4-F5FD8B95D8C4}.Debug|x86.ActiveCfg = Debug|x86
		{F1153409-1CDA-48A4-94F4-F5FD8B95D8C4}.Debug|x86.Build.0 = Debug|x86
		{F1153409-1CDA-48A4-94F4-F5FD8B95D8C4}.Release|x86.ActiveCfg = Release|x86
		{F1153409-1CDA-48A4-94F4-F5FD8B95D8C4}.Release|x86.Build.0 = Release|x86
		{0D896B8B-B9E5-426F-917D-79830461C73E}.Debug|x86.ActiveCfg = Debug|x86
		{0D896B8B-B9E5-426F-917D-79830461C73E}.Debug|x86.Build.0 = Debug|x86
		{0D896B8B-B9E5-426F-917D-79830461C73E}.Release|x86.ActiveCfg = Release|x86
		{0D896B8B-B9E5-426F-917D-79830461C73E}.Release|x86.Build.0 = Release|x86
		{89E1882C-867D-4951-A1ED-C6B315F929B7}.Debug|x86.ActiveCfg = Debug|x86
		{89E1882C-867D-4951-A1ED-C6B315F929B7}.Debug|x86.Build.0 = Debug|x86
		{89E1882C-867D-4951-A1ED-C6B315F929B7}.Release|x86.ActiveCfg = Release|x86
		{89E1882C-867D-4951-A1ED-C6B315F929B7}.Release|x86.Build.0 = Release|x86
		{8E25A777-1CBF-4A0C-81A8-4B6C9F774B11}.Debug|x86.ActiveCfg = Debug|x86
		{8E25A777-1CBF-4A0C-81A8-4B6C9F774B11}.Debug|x86.Build.0 = Debug|x86
		{8E25A777-1CBF-4A0C-81A8-4B6C9F774B11}.Release|x86.ActiveCfg = Release|x86
		{8E25A777-1CBF-4A0C-81A8-4B6C9F774B11}.Release|x86.Build.0 = Release|x86
		{3914B9A1-9046-416D-A14C-EEE07FF8BD0E}.Debug|x86.ActiveCfg = Debug|x86
		{3914B9A1-9046-416D-A14C-EEE07FF8BD0E}.Debug|x86.Build.0 = Debug|x86
		{3914B9A1-9046-416D-A14C-EEE07FF8BD0E}.Release|x86.ActiveCfg = Release|x86
		{3914B9A1-9046-416D-A14C-EEE07FF8BD0E}.Release|x86.Build.0 = Release|x86
		{7D2766D9-4268-4A7A-8957-240F21F87BA3}.Debug|x86.ActiveCfg = Debug|x86
		{7D2766D9-4268-4A7A-8957-240F21F87BA3}.Debug|x86.Build.0 = Debug|x86
		{7D2766D9-4268-4A7A-8957-240F21F87BA3}.Release|x86.ActiveCfg = Release|x86
		{7D2766D9-4268-4A7A-8957-240F21F87BA3}.Release|x86.Build.0 = Release|x86
	EndGlobalSection
EndGlobal
