
Microsoft Visual Studio Solution File, Format Version 12.00
# Visual Studio Version 16
VisualStudioVersion = 16.0.29709.97
MinimumVisualStudioVersion = 10.0.40219.1
Project("{FAE04EC0-301F-11D3-BF4B-00C04F79EFBC}") = "01.Odd-Lines", "01.Odd-Lines\01.Odd-Lines.csproj", "{F3DB5779-783D-4128-AE89-5FF30DC3EBB0}"
EndProject
Project("{FAE04EC0-301F-11D3-BF4B-00C04F79EFBC}") = "02.Line-Numbers", "02.Line-Numbers\02.Line-Numbers.csproj", "{8F8C3988-D34E-476D-9EBC-F288F2600EF0}"
EndProject
Project("{FAE04EC0-301F-11D3-BF4B-00C04F79EFBC}") = "05.Slice-a-File", "05.Slice-a-File\05.Slice-a-File.csproj", "{28CB99B6-9B86-408C-A2DA-575F278F0B40}"
EndProject
Project("{FAE04EC0-301F-11D3-BF4B-00C04F79EFBC}") = "07.Print-Directories", "07.Print-Directories\07.Print-Directories.csproj", "{6190D8D7-49D8-48C8-8676-2469B4148113}"
EndProject
Project("{FAE04EC0-301F-11D3-BF4B-00C04F79EFBC}") = "06.Folder-Size", "06.Folder-Size\06.Folder-Size.csproj", "{3CE49AEE-DD9A-404D-B68D-29FB0300471A}"
EndProject
Global
	GlobalSection(SolutionConfigurationPlatforms) = preSolution
		Debug|Any CPU = Debug|Any CPU
		Release|Any CPU = Release|Any CPU
	EndGlobalSection
	GlobalSection(ProjectConfigurationPlatforms) = postSolution
		{F3DB5779-783D-4128-AE89-5FF30DC3EBB0}.Debug|Any CPU.ActiveCfg = Debug|Any CPU
		{F3DB5779-783D-4128-AE89-5FF30DC3EBB0}.Debug|Any CPU.Build.0 = Debug|Any CPU
		{F3DB5779-783D-4128-AE89-5FF30DC3EBB0}.Release|Any CPU.ActiveCfg = Release|Any CPU
		{F3DB5779-783D-4128-AE89-5FF30DC3EBB0}.Release|Any CPU.Build.0 = Release|Any CPU
		{8F8C3988-D34E-476D-9EBC-F288F2600EF0}.Debug|Any CPU.ActiveCfg = Debug|Any CPU
		{8F8C3988-D34E-476D-9EBC-F288F2600EF0}.Debug|Any CPU.Build.0 = Debug|Any CPU
		{8F8C3988-D34E-476D-9EBC-F288F2600EF0}.Release|Any CPU.ActiveCfg = Release|Any CPU
		{8F8C3988-D34E-476D-9EBC-F288F2600EF0}.Release|Any CPU.Build.0 = Release|Any CPU
		{28CB99B6-9B86-408C-A2DA-575F278F0B40}.Debug|Any CPU.ActiveCfg = Debug|Any CPU
		{28CB99B6-9B86-408C-A2DA-575F278F0B40}.Debug|Any CPU.Build.0 = Debug|Any CPU
		{28CB99B6-9B86-408C-A2DA-575F278F0B40}.Release|Any CPU.ActiveCfg = Release|Any CPU
		{28CB99B6-9B86-408C-A2DA-575F278F0B40}.Release|Any CPU.Build.0 = Release|Any CPU
		{6190D8D7-49D8-48C8-8676-2469B4148113}.Debug|Any CPU.ActiveCfg = Debug|Any CPU
		{6190D8D7-49D8-48C8-8676-2469B4148113}.Debug|Any CPU.Build.0 = Debug|Any CPU
		{6190D8D7-49D8-48C8-8676-2469B4148113}.Release|Any CPU.ActiveCfg = Release|Any CPU
		{6190D8D7-49D8-48C8-8676-2469B4148113}.Release|Any CPU.Build.0 = Release|Any CPU
		{3CE49AEE-DD9A-404D-B68D-29FB0300471A}.Debug|Any CPU.ActiveCfg = Debug|Any CPU
		{3CE49AEE-DD9A-404D-B68D-29FB0300471A}.Debug|Any CPU.Build.0 = Debug|Any CPU
		{3CE49AEE-DD9A-404D-B68D-29FB0300471A}.Release|Any CPU.ActiveCfg = Release|Any CPU
		{3CE49AEE-DD9A-404D-B68D-29FB0300471A}.Release|Any CPU.Build.0 = Release|Any CPU
	EndGlobalSection
	GlobalSection(SolutionProperties) = preSolution
		HideSolutionNode = FALSE
	EndGlobalSection
	GlobalSection(ExtensibilityGlobals) = postSolution
		SolutionGuid = {277D2E7A-797E-45F9-89B2-4F21156827DC}
	EndGlobalSection
EndGlobal
