
Microsoft Visual Studio Solution File, Format Version 12.00
# Visual Studio Version 16
VisualStudioVersion = 16.0.29806.167
MinimumVisualStudioVersion = 10.0.40219.1
Project("{FAE04EC0-301F-11D3-BF4B-00C04F79EFBC}") = "01.Club-Party", "01.Club-Party\01.Club-Party.csproj", "{D5A06DD9-852D-4470-BDB4-5DFB9BB4C1F7}"
EndProject
Project("{FAE04EC0-301F-11D3-BF4B-00C04F79EFBC}") = "02.Tron-Racers", "02.Tron-Racers\02.Tron-Racers.csproj", "{EBE3E0F0-2332-4768-881C-454B88DB023D}"
EndProject
Project("{9A19103F-16F7-4668-BE54-9A1E7A4F7556}") = "Heroes", "03.Heroes\Heroes.csproj", "{D98EA094-2F35-4DEA-9746-50938E008728}"
EndProject
Global
	GlobalSection(SolutionConfigurationPlatforms) = preSolution
		Debug|Any CPU = Debug|Any CPU
		Release|Any CPU = Release|Any CPU
	EndGlobalSection
	GlobalSection(ProjectConfigurationPlatforms) = postSolution
		{D5A06DD9-852D-4470-BDB4-5DFB9BB4C1F7}.Debug|Any CPU.ActiveCfg = Debug|Any CPU
		{D5A06DD9-852D-4470-BDB4-5DFB9BB4C1F7}.Debug|Any CPU.Build.0 = Debug|Any CPU
		{D5A06DD9-852D-4470-BDB4-5DFB9BB4C1F7}.Release|Any CPU.ActiveCfg = Release|Any CPU
		{D5A06DD9-852D-4470-BDB4-5DFB9BB4C1F7}.Release|Any CPU.Build.0 = Release|Any CPU
		{EBE3E0F0-2332-4768-881C-454B88DB023D}.Debug|Any CPU.ActiveCfg = Debug|Any CPU
		{EBE3E0F0-2332-4768-881C-454B88DB023D}.Debug|Any CPU.Build.0 = Debug|Any CPU
		{EBE3E0F0-2332-4768-881C-454B88DB023D}.Release|Any CPU.ActiveCfg = Release|Any CPU
		{EBE3E0F0-2332-4768-881C-454B88DB023D}.Release|Any CPU.Build.0 = Release|Any CPU
		{D98EA094-2F35-4DEA-9746-50938E008728}.Debug|Any CPU.ActiveCfg = Debug|Any CPU
		{D98EA094-2F35-4DEA-9746-50938E008728}.Debug|Any CPU.Build.0 = Debug|Any CPU
		{D98EA094-2F35-4DEA-9746-50938E008728}.Release|Any CPU.ActiveCfg = Release|Any CPU
		{D98EA094-2F35-4DEA-9746-50938E008728}.Release|Any CPU.Build.0 = Release|Any CPU
	EndGlobalSection
	GlobalSection(SolutionProperties) = preSolution
		HideSolutionNode = FALSE
	EndGlobalSection
	GlobalSection(ExtensibilityGlobals) = postSolution
		SolutionGuid = {72B4282F-A274-4CA5-BCCA-7CB98D9E5F63}
	EndGlobalSection
EndGlobal
